
Microsoft Visual Studio Solution File, Format Version 12.00
# Visual Studio 15
VisualStudioVersion = 15.0.26228.9
MinimumVisualStudioVersion = 10.0.40219.1
Project("{FAE04EC0-301F-11D3-BF4B-00C04F79EFBC}") = "RestApi", "RestApi\RestApi.csproj", "{A602EFA1-1E56-4D2A-B11B-11F3EBC3CCBC}"
EndProject
Project("{FAE04EC0-301F-11D3-BF4B-00C04F79EFBC}") = "RestApiUnitTest", "RestApiUnitTest\RestApiUnitTest.csproj", "{23286A7A-3997-4A42-BF76-AC4A31E3D039}"
EndProject
Project("{FAE04EC0-301F-11D3-BF4B-00C04F79EFBC}") = "PatientService", "PatientService\PatientService.csproj", "{88A3312A-D261-4031-9B8B-FEF80E93F8D2}"
EndProject
Global
	GlobalSection(SolutionConfigurationPlatforms) = preSolution
		Debug|Any CPU = Debug|Any CPU
		Release|Any CPU = Release|Any CPU
	EndGlobalSection
	GlobalSection(ProjectConfigurationPlatforms) = postSolution
		{A602EFA1-1E56-4D2A-B11B-11F3EBC3CCBC}.Debug|Any CPU.ActiveCfg = Debug|Any CPU
		{A602EFA1-1E56-4D2A-B11B-11F3EBC3CCBC}.Debug|Any CPU.Build.0 = Debug|Any CPU
		{A602EFA1-1E56-4D2A-B11B-11F3EBC3CCBC}.Release|Any CPU.ActiveCfg = Release|Any CPU
		{A602EFA1-1E56-4D2A-B11B-11F3EBC3CCBC}.Release|Any CPU.Build.0 = Release|Any CPU
		{23286A7A-3997-4A42-BF76-AC4A31E3D039}.Debug|Any CPU.ActiveCfg = Debug|Any CPU
		{23286A7A-3997-4A42-BF76-AC4A31E3D039}.Debug|Any CPU.Build.0 = Debug|Any CPU
		{23286A7A-3997-4A42-BF76-AC4A31E3D039}.Release|Any CPU.ActiveCfg = Release|Any CPU
		{23286A7A-3997-4A42-BF76-AC4A31E3D039}.Release|Any CPU.Build.0 = Release|Any CPU
		{88A3312A-D261-4031-9B8B-FEF80E93F8D2}.Debug|Any CPU.ActiveCfg = Debug|Any CPU
		{88A3312A-D261-4031-9B8B-FEF80E93F8D2}.Debug|Any CPU.Build.0 = Debug|Any CPU
		{88A3312A-D261-4031-9B8B-FEF80E93F8D2}.Release|Any CPU.ActiveCfg = Release|Any CPU
		{88A3312A-D261-4031-9B8B-FEF80E93F8D2}.Release|Any CPU.Build.0 = Release|Any CPU
	EndGlobalSection
	GlobalSection(SolutionProperties) = preSolution
		HideSolutionNode = FALSE
	EndGlobalSection
EndGlobal
